
Microsoft Visual Studio Solution File, Format Version 12.00
Project("{FAE04EC0-301F-11D3-BF4B-00C04F79EFBC}") = "console-playground", "console-playground\console-playground.csproj", "{8BAFF88E-81F0-4A8B-A642-1EB8D66D6AC6}"
EndProject
Global
	GlobalSection(SolutionConfigurationPlatforms) = preSolution
		Debug|Any CPU = Debug|Any CPU
		Release|Any CPU = Release|Any CPU
	EndGlobalSection
	GlobalSection(ProjectConfigurationPlatforms) = postSolution
		{8BAFF88E-81F0-4A8B-A642-1EB8D66D6AC6}.Debug|Any CPU.ActiveCfg = Debug|Any CPU
		{8BAFF88E-81F0-4A8B-A642-1EB8D66D6AC6}.Debug|Any CPU.Build.0 = Debug|Any CPU
		{8BAFF88E-81F0-4A8B-A642-1EB8D66D6AC6}.Release|Any CPU.ActiveCfg = Release|Any CPU
		{8BAFF88E-81F0-4A8B-A642-1EB8D66D6AC6}.Release|Any CPU.Build.0 = Release|Any CPU
	EndGlobalSection
EndGlobal
